{
  "name": "filter",
  "version": "1.0.0",
  "lockfileVersion": 3,
  "requires": true,
  "packages": {
    "": {
      "name": "filter",
      "version": "1.0.0",
      "license": "ISC",
      "dependencies": {
        "node-zigar": "^0.14.2-beta.0"
      }
    },
    "node_modules/node-api-headers": {
      "version": "1.6.0",
      "resolved": "https://registry.npmjs.org/node-api-headers/-/node-api-headers-1.6.0.tgz",
      "integrity": "sha512-81T99+mWLZnxX0LlZPYuafyFlxVVaWKQ0BDAbSrOqLO+v+gzCzu0GTAVNeVK8lucqjqo9L/1UcK9cpkem8Py4Q=="
    },
    "node_modules/node-zigar": {
      "version": "0.14.2-beta.0",
      "resolved": "https://registry.npmjs.org/node-zigar/-/node-zigar-0.14.2-beta.0.tgz",
      "integrity": "sha512-KZZKxXu+g77BvTvIAS9mVXNSRQAyoyWiDyipciLsxGCKV4T7lEJVoLw42/l/oEeMJElQbi/ULqIAsD/osgZAqg==",
      "dependencies": {
        "node-zigar-addon": "^0.14.2-beta.0",
        "zigar-compiler": "^0.14.2-beta.0"
      },
      "bin": {
        "node-zigar": "bin/cli.js"
      }
    },
    "node_modules/node-zigar-addon": {
      "version": "0.14.2-beta.0",
      "resolved": "https://registry.npmjs.org/node-zigar-addon/-/node-zigar-addon-0.14.2-beta.0.tgz",
      "integrity": "sha512-ebF8JPSNGCcHdnwFXdQygPjJSVUjo9Xdc6nwxDY0VM2Az2wY+oIVbegA2Xk6PeNa3RJMvUsnfjUTJ0Y/iAdwCw==",
      "dependencies": {
        "node-api-headers": "^1.5.0"
      }
    },
    "node_modules/zigar-compiler": {
      "version": "0.14.2-beta.0",
      "resolved": "https://registry.npmjs.org/zigar-compiler/-/zigar-compiler-0.14.2-beta.0.tgz",
      "integrity": "sha512-fG9Ltcja8sm/vbt74OPnXSBplDl8VzmDTNw30ZjN/MKAhxNgbnq8sA256SzDO0zaRbh6xSevuRs8nS/W2cI24g=="
    }
  }
}
