{
  "name": "filter",
  "version": "1.0.0",
  "lockfileVersion": 3,
  "requires": true,
  "packages": {
    "": {
      "name": "filter",
      "version": "1.0.0",
      "license": "ISC",
      "dependencies": {
        "node-zigar": "^0.11.1-beta.0"
      }
    },
    "node_modules/node-api-headers": {
      "version": "1.1.0",
      "resolved": "https://registry.npmjs.org/node-api-headers/-/node-api-headers-1.1.0.tgz",
      "integrity": "sha512-ucQW+SbYCUPfprvmzBsnjT034IGRB2XK8rRc78BgjNKhTdFKgAwAmgW704bKIBmcYW48it0Gkjpkd39Azrwquw=="
    },
    "node_modules/node-zigar": {
      "version": "0.11.1-beta.0",
      "resolved": "https://registry.npmjs.org/node-zigar/-/node-zigar-0.11.1-beta.0.tgz",
      "integrity": "sha512-+hjKgAcoAhuQj+vWFNfEVXG9fj00vzfHS0+tIiZPIn+py1OEql/qghwtYPg4WiPwvP18AZNx1LQQhYQoD8YtHg==",
      "dependencies": {
        "node-zigar-addon": "^0.11.1-beta.0",
        "zigar-compiler": "^0.11.1-beta.0"
      },
      "bin": {
        "node-zigar": "bin/cli.js"
      }
    },
    "node_modules/node-zigar-addon": {
      "version": "0.11.1-beta.0",
      "resolved": "https://registry.npmjs.org/node-zigar-addon/-/node-zigar-addon-0.11.1-beta.0.tgz",
      "integrity": "sha512-0vlm1Nd17N5eqot0A+ffQP/q3HIhaxcTVbKs0wc0XHlSr+KDh8BkdVmWtTLRFImgbA7venNPx2mDTh4rHdTOVQ==",
      "dependencies": {
        "node-api-headers": "^1.1.0"
      }
    },
    "node_modules/zigar-compiler": {
      "version": "0.11.1-beta.0",
      "resolved": "https://registry.npmjs.org/zigar-compiler/-/zigar-compiler-0.11.1-beta.0.tgz",
      "integrity": "sha512-iEdF5CjiLToIF8zh2dzpiKwVMJraXRLeRDU00MwFzZjAObIwJ/Ek8kEzfNuvx2YLTFSHHmKyryb8evDpR7K+oA=="
    }
  }
}
