{
  "name": "filter",
  "version": "1.0.0",
  "lockfileVersion": 3,
  "requires": true,
  "packages": {
    "": {
      "name": "filter",
      "version": "1.0.0",
      "license": "ISC",
      "dependencies": {
        "node-zigar": "^0.14.0-beta.0"
      }
    },
    "node_modules/node-api-headers": {
      "version": "1.5.0",
      "resolved": "https://registry.npmjs.org/node-api-headers/-/node-api-headers-1.5.0.tgz",
      "integrity": "sha512-Yi/FgnN8IU/Cd6KeLxyHkylBUvDTsSScT0Tna2zTrz8klmc8qF2ppj6Q1LHsmOueJWhigQwR4cO2p0XBGW5IaQ=="
    },
    "node_modules/node-zigar": {
      "version": "0.14.0-beta.0",
      "resolved": "https://registry.npmjs.org/node-zigar/-/node-zigar-0.14.0-beta.0.tgz",
      "integrity": "sha512-HkfUTnC2wt7MUKUFCieQ3K0toodrHUKoiCmhLLbpkpdK4S8cpxNq1CpRrDfe9zwEpRyxQjbmLNBYqiPieXPi0A==",
      "dependencies": {
        "node-zigar-addon": "^0.14.0-beta.0",
        "zigar-compiler": "^0.14.0-beta.0"
      },
      "bin": {
        "node-zigar": "bin/cli.js"
      }
    },
    "node_modules/node-zigar-addon": {
      "version": "0.14.0-beta.0",
      "resolved": "https://registry.npmjs.org/node-zigar-addon/-/node-zigar-addon-0.14.0-beta.0.tgz",
      "integrity": "sha512-2g7eVyTdcZ5PoZc0jke+voAqQRv+XjudpRQCCFe6HdudVonCJL6+PYHcDge7RKRWNbH6zVbiKLRxZYZuQ+Wbrw==",
      "dependencies": {
        "node-api-headers": "^1.5.0"
      }
    },
    "node_modules/zigar-compiler": {
      "version": "0.14.0-beta.0",
      "resolved": "https://registry.npmjs.org/zigar-compiler/-/zigar-compiler-0.14.0-beta.0.tgz",
      "integrity": "sha512-2RY7bjJswpFOc2Y1jBcgPNJxziOKuBLElL8TtfxMt/SFxN91t1mAVGe0q1INYiC2JlMDfv3kiN4YWqOgUga6mQ=="
    }
  }
}
