{
  "name": "examples",
  "lockfileVersion": 2,
  "requires": true,
  "packages": {
    "../../../.nvm/versions/node/v16.20.2/lib/node_modules/node-zigar": {
      "version": "0.11.0",
      "extraneous": true,
      "license": "MIT",
      "dependencies": {
        "node-zigar-addon": "^0.11.0",
        "zigar-compiler": "^0.11.0"
      },
      "devDependencies": {
        "c8": "^8.0.0",
        "chai": "^4.3.7",
        "mocha": "^10.2.0",
        "mocha-skip-if": "^1.0.4"
      }
    },
    "../../../.nvm/versions/node/v16.20.2/lib/node_modules/zigar-compiler": {
      "version": "0.11.0",
      "extraneous": true,
      "license": "MIT",
      "devDependencies": {
        "@rollup/plugin-node-resolve": "^15.1.0",
        "@rollup/plugin-replace": "^5.0.2",
        "c8": "^8.0.0",
        "chai": "^4.3.7",
        "chai-as-promised": "^7.1.1",
        "mocha": "^10.2.0",
        "mocha-skip-if": "^1.0.4",
        "rollup": "^3.23.0"
      }
    }
  }
}
