{
  "name": "http",
  "version": "1.0.0",
  "lockfileVersion": 3,
  "requires": true,
  "packages": {
    "": {
      "name": "http",
      "version": "1.0.0",
      "license": "ISC",
      "dependencies": {
        "node-zigar": "^0.15.2-rc.0"
      }
    },
    "node_modules/node-api-headers": {
      "version": "1.7.0",
      "resolved": "https://registry.npmjs.org/node-api-headers/-/node-api-headers-1.7.0.tgz",
      "integrity": "sha512-uJMGdkhVwu9+I3UsVvI3KW6ICAy/yDfsu5Br9rSnTtY3WpoaComXvKloiV5wtx0Md2rn0B9n29Ys2WMNwWxj9A==",
      "license": "MIT"
    },
    "node_modules/node-zigar": {
      "version": "0.15.2-rc.0",
      "resolved": "https://registry.npmjs.org/node-zigar/-/node-zigar-0.15.2-rc.0.tgz",
      "integrity": "sha512-BxgbzLKxyoudtXxtwTJA91F4F7Rm/nA8Bn/OkuYi6Ogt6eQ6T5s3JdxU22dL9DkOR9kxr+Se8P9Q0IwXQxcc6Q==",
      "license": "MIT",
      "dependencies": {
        "node-zigar-addon": "^0.15.2-rc.0",
        "zigar-compiler": "^0.15.2-rc.0"
      },
      "bin": {
        "node-zigar": "bin/cli.js",
        "zigar": "bin/cli.js"
      }
    },
    "node_modules/node-zigar-addon": {
      "version": "0.15.2-rc.0",
      "resolved": "https://registry.npmjs.org/node-zigar-addon/-/node-zigar-addon-0.15.2-rc.0.tgz",
      "integrity": "sha512-/vrup5smCw+siANqJOAmkM0AxbTrJ1hK99a1GciiXsFvzu57XR64o/QAtwYdEA+r+r89VXrYoFA3Z/qWjxuq9A==",
      "license": "MIT",
      "dependencies": {
        "node-api-headers": "^1.7.0"
      }
    },
    "node_modules/zigar-compiler": {
      "version": "0.15.2-rc.0",
      "resolved": "https://registry.npmjs.org/zigar-compiler/-/zigar-compiler-0.15.2-rc.0.tgz",
      "integrity": "sha512-qN3gvYqgPzCk7XUzmpuW5NKKnsa5rnf6+LFE5CUbKWb4/6yM5/KfMLxElxSTMjmOxPY/s19grAZhTNuQfEnI2g==",
      "license": "MIT"
    }
  }
}
