{
  "name": "hello",
  "version": "1.0.0",
  "lockfileVersion": 3,
  "requires": true,
  "packages": {
    "": {
      "name": "hello",
      "version": "1.0.0",
      "license": "ISC",
      "dependencies": {
        "node-zigar": "^0.14.2-beta.1"
      }
    },
    "node_modules/node-api-headers": {
      "version": "1.6.0",
      "resolved": "https://registry.npmjs.org/node-api-headers/-/node-api-headers-1.6.0.tgz",
      "integrity": "sha512-81T99+mWLZnxX0LlZPYuafyFlxVVaWKQ0BDAbSrOqLO+v+gzCzu0GTAVNeVK8lucqjqo9L/1UcK9cpkem8Py4Q==",
      "license": "MIT"
    },
    "node_modules/node-zigar": {
      "version": "0.14.2-beta.1",
      "resolved": "https://registry.npmjs.org/node-zigar/-/node-zigar-0.14.2-beta.1.tgz",
      "integrity": "sha512-G8OJfLq+6gT/q7HPv23EZb7rX6QW6SzVbIh+wfjc8XospBDDUclaauHSwXRiRtN3L5NtObVS8+Ealnt3/Wmdxg==",
      "license": "MIT",
      "dependencies": {
        "node-zigar-addon": "^0.14.2-beta.1",
        "zigar-compiler": "^0.14.2-beta.1"
      },
      "bin": {
        "node-zigar": "bin/cli.js"
      }
    },
    "node_modules/node-zigar-addon": {
      "version": "0.14.2-beta.1",
      "resolved": "https://registry.npmjs.org/node-zigar-addon/-/node-zigar-addon-0.14.2-beta.1.tgz",
      "integrity": "sha512-k6xalGZyeD/vohPa439aOBGM85nMBivKQbbAqIghr+fusvGnU4WwyGLjl647IfEaW4ssQBtzhmzR5gbh6kEWJg==",
      "license": "MIT",
      "dependencies": {
        "node-api-headers": "^1.6.0"
      }
    },
    "node_modules/zigar-compiler": {
      "version": "0.14.2-beta.1",
      "resolved": "https://registry.npmjs.org/zigar-compiler/-/zigar-compiler-0.14.2-beta.1.tgz",
      "integrity": "sha512-8N6J1/kw/2ByQqjOLJYZUV+5QItC2Bo8BL97n+pwNJdCicqxd0Mx+Vj88en2UQb9UzqUmxk4YUO2Qt75YCR/1Q==",
      "license": "MIT"
    }
  }
}
