{
  "name": "hello",
  "version": "1.0.0",
  "lockfileVersion": 3,
  "requires": true,
  "packages": {
    "": {
      "name": "hello",
      "version": "1.0.0",
      "license": "ISC",
      "dependencies": {
        "node-zigar": "^0.15.2-alpha.0"
      }
    },
    "node_modules/node-api-headers": {
      "version": "1.6.0",
      "resolved": "https://registry.npmjs.org/node-api-headers/-/node-api-headers-1.6.0.tgz",
      "integrity": "sha512-81T99+mWLZnxX0LlZPYuafyFlxVVaWKQ0BDAbSrOqLO+v+gzCzu0GTAVNeVK8lucqjqo9L/1UcK9cpkem8Py4Q==",
      "license": "MIT"
    },
    "node_modules/node-zigar": {
      "version": "0.15.2-alpha.0",
      "resolved": "https://registry.npmjs.org/node-zigar/-/node-zigar-0.15.2-alpha.0.tgz",
      "integrity": "sha512-gsnJSRPcKies5jw9HVjC82T9K1gS+t3yWkgBcE8DuLAzzSXsu+03y9S3Ln+U2kiyvoQttiFANUTFuVVbzx3upg==",
      "license": "MIT",
      "dependencies": {
        "node-zigar-addon": "^0.15.2-alpha.0",
        "zigar-compiler": "^0.15.2-alpha.0"
      },
      "bin": {
        "node-zigar": "bin/cli.js"
      }
    },
    "node_modules/node-zigar-addon": {
      "version": "0.15.2-alpha.0",
      "resolved": "https://registry.npmjs.org/node-zigar-addon/-/node-zigar-addon-0.15.2-alpha.0.tgz",
      "integrity": "sha512-SNiarv3j9zJAVER/Kx4Pf23CtbILvckri7pFvgvv7xoXaO/WHMCy6x1ZdwKAH5ZhXlI/+CAKpSeJMzMa6hA6jw==",
      "license": "MIT",
      "dependencies": {
        "node-api-headers": "^1.6.0"
      }
    },
    "node_modules/zigar-compiler": {
      "version": "0.15.2-alpha.0",
      "resolved": "https://registry.npmjs.org/zigar-compiler/-/zigar-compiler-0.15.2-alpha.0.tgz",
      "integrity": "sha512-hj58NJzFIOhTki2vFY8UDENBnrt1AGtU1Hc0G/mgPQ8+/YM4ywz2qS0BsM0izn0zi0MJMNwzomq0r20Scq4PdQ==",
      "license": "MIT"
    }
  }
}
