{
  "name": "hello",
  "version": "1.0.0",
  "lockfileVersion": 3,
  "requires": true,
  "packages": {
    "": {
      "name": "hello",
      "version": "1.0.0",
      "license": "ISC",
      "dependencies": {
        "node-zigar": "^0.14.0-beta.6"
      }
    },
    "node_modules/node-api-headers": {
      "version": "1.5.0",
      "resolved": "https://registry.npmjs.org/node-api-headers/-/node-api-headers-1.5.0.tgz",
      "integrity": "sha512-Yi/FgnN8IU/Cd6KeLxyHkylBUvDTsSScT0Tna2zTrz8klmc8qF2ppj6Q1LHsmOueJWhigQwR4cO2p0XBGW5IaQ=="
    },
    "node_modules/node-zigar": {
      "version": "0.14.0-beta.6",
      "resolved": "https://registry.npmjs.org/node-zigar/-/node-zigar-0.14.0-beta.6.tgz",
      "integrity": "sha512-I909grPuSbBSSoTmf2Rz1368rU3DC3k6Kq8J641RRTdGiRRzbR02VqgEzBJ1QH5xg7NKTii0l2LX1WPTdvp4fw==",
      "dependencies": {
        "node-zigar-addon": "^0.14.0-beta.6",
        "zigar-compiler": "^0.14.0-beta.6"
      },
      "bin": {
        "node-zigar": "bin/cli.js"
      }
    },
    "node_modules/node-zigar-addon": {
      "version": "0.14.0-beta.6",
      "resolved": "https://registry.npmjs.org/node-zigar-addon/-/node-zigar-addon-0.14.0-beta.6.tgz",
      "integrity": "sha512-g12lHacEr2ObFZlgDOoaXXsQ8ePOecs1MGpZEiyU+aF3nXFpnXTfMEiNgBmP5bVbwGJjGdzjEFzexhcEt1fT/w==",
      "dependencies": {
        "node-api-headers": "^1.5.0"
      }
    },
    "node_modules/zigar-compiler": {
      "version": "0.14.0-beta.6",
      "resolved": "https://registry.npmjs.org/zigar-compiler/-/zigar-compiler-0.14.0-beta.6.tgz",
      "integrity": "sha512-kSkTUBtgYO2grm2Pa4o/vuCc6Ej9DyhkXMGi55zQORraDpo5jMCLHitA6qoGXZcunl9Mb3HvJp4eck0c0r2yAw=="
    }
  }
}
