{
  "name": "zzz",
  "version": "1.0.0",
  "lockfileVersion": 3,
  "requires": true,
  "packages": {
    "": {
      "name": "zzz",
      "version": "1.0.0",
      "license": "ISC",
      "dependencies": {
        "node-zigar": "^0.13.3-alpha.3"
      }
    },
    "node_modules/node-api-headers": {
      "version": "1.4.0",
      "resolved": "https://registry.npmjs.org/node-api-headers/-/node-api-headers-1.4.0.tgz",
      "integrity": "sha512-u83U3WnRbBpWlhc0sQbpF3slHRLV/a6/OXByc+QzHcLxiDiJUWLuKGZp4/ntZUchnXGOCnCq++JUEtwb1/tyow=="
    },
    "node_modules/node-zigar": {
      "version": "0.13.3-alpha.3",
      "resolved": "https://registry.npmjs.org/node-zigar/-/node-zigar-0.13.3-alpha.3.tgz",
      "integrity": "sha512-ZiGsOeLWVPHiZa4CbIjMXUfqDr3eNeHVbvxA1/r0lEKIdGQluRZ77linEgAYG7J+nxAHc2B/xUmxnkL+zeTPXg==",
      "dependencies": {
        "node-zigar-addon": "^0.13.3-alpha.3",
        "zigar-compiler": "^0.13.3-alpha.3"
      },
      "bin": {
        "node-zigar": "bin/cli.js"
      }
    },
    "node_modules/node-zigar-addon": {
      "version": "0.13.3-alpha.3",
      "resolved": "https://registry.npmjs.org/node-zigar-addon/-/node-zigar-addon-0.13.3-alpha.3.tgz",
      "integrity": "sha512-4MCk/K04vt1X1lAQO/0iCEUbygCC0pwqOuWgajoVO4WSD4Sa9HXLAkOuZNw0WID/2oC2fZgEafjWDwtxuwsSKQ==",
      "dependencies": {
        "node-api-headers": "^1.4.0"
      }
    },
    "node_modules/zigar-compiler": {
      "version": "0.13.3-alpha.3",
      "resolved": "https://registry.npmjs.org/zigar-compiler/-/zigar-compiler-0.13.3-alpha.3.tgz",
      "integrity": "sha512-mlNxJ92MSyFXBykgs2E7Jnbf0wFu8S01+PwT6xFPP1cIhvbICLeC31rJVBJtarlDFFd+6HXOm+tGV4a+RRQ47A=="
    }
  }
}
