{
  "name": "zzz",
  "version": "1.0.0",
  "lockfileVersion": 3,
  "requires": true,
  "packages": {
    "": {
      "name": "zzz",
      "version": "1.0.0",
      "license": "ISC",
      "dependencies": {
        "node-zigar": "0.16.0-alpha.1"
      }
    },
    "node_modules/node-api-headers": {
      "version": "1.9.0",
      "resolved": "https://registry.npmjs.org/node-api-headers/-/node-api-headers-1.9.0.tgz",
      "integrity": "sha512-2oNILP4jXwRB4ywnYKjVk1YyJ96n2D4EOVJO6S3oYZ5PtbJrw3Yt9TpAuX3nBLMuzn74rnfGQrv13pS9vC+YiA==",
      "license": "MIT"
    },
    "node_modules/node-zigar": {
      "version": "0.16.0-alpha.1",
      "resolved": "https://registry.npmjs.org/node-zigar/-/node-zigar-0.16.0-alpha.1.tgz",
      "integrity": "sha512-1qmZm9yYaMWVin5Eg9iRwhLZnbFwwNYCqxctYD2pd6EOILKuPsudWFb1uT5zmnC+MAy1HRdsRuCNFzazFDqixg==",
      "license": "MIT",
      "dependencies": {
        "node-zigar-addon": "0.16.0-alpha.0",
        "zigar-compiler": "0.16.0-alpha.0"
      },
      "bin": {
        "node-zigar": "bin/cli.js",
        "zigar": "bin/cli.js"
      }
    },
    "node_modules/node-zigar-addon": {
      "version": "0.16.0-alpha.0",
      "resolved": "https://registry.npmjs.org/node-zigar-addon/-/node-zigar-addon-0.16.0-alpha.0.tgz",
      "integrity": "sha512-PX8ZldkMxL97e7HiQVo5Cwc0ep09FaGQOH9G57WYSGDHQQtWUkjFGeWk7yOhRcDLVLx4Hbrqrc20etQ4/kjABQ==",
      "license": "MIT",
      "dependencies": {
        "node-api-headers": "^1.9.0"
      }
    },
    "node_modules/zigar-compiler": {
      "version": "0.16.0-alpha.0",
      "resolved": "https://registry.npmjs.org/zigar-compiler/-/zigar-compiler-0.16.0-alpha.0.tgz",
      "integrity": "sha512-P/j7gmW35+yMvjHFAHTlDs/K9p11xVfvYE+jVsPlmuS88EblN2I1dKcmoX7v13ldYndVByek9HmW91KjsxzB2g==",
      "license": "MIT"
    }
  }
}
