{
  "name": "zzz",
  "version": "1.0.0",
  "lockfileVersion": 3,
  "requires": true,
  "packages": {
    "": {
      "name": "zzz",
      "version": "1.0.0",
      "license": "ISC",
      "dependencies": {
        "node-zigar": "^0.14.2-rc.1"
      }
    },
    "node_modules/node-api-headers": {
      "version": "1.6.0",
      "resolved": "https://registry.npmjs.org/node-api-headers/-/node-api-headers-1.6.0.tgz",
      "integrity": "sha512-81T99+mWLZnxX0LlZPYuafyFlxVVaWKQ0BDAbSrOqLO+v+gzCzu0GTAVNeVK8lucqjqo9L/1UcK9cpkem8Py4Q==",
      "license": "MIT"
    },
    "node_modules/node-zigar": {
      "version": "0.14.2-rc.1",
      "resolved": "https://registry.npmjs.org/node-zigar/-/node-zigar-0.14.2-rc.1.tgz",
      "integrity": "sha512-1si3RGRqVtzFPC/o35DesDnDPrbqk/BGDnn+5YqtjVnxKTPD1dB2zPHl3FZkpd5/OkHbJ6tLAUhXk5UfpcbgNA==",
      "license": "MIT",
      "dependencies": {
        "node-zigar-addon": "^0.14.2-rc.1",
        "zigar-compiler": "^0.14.2-rc.1"
      },
      "bin": {
        "node-zigar": "bin/cli.js"
      }
    },
    "node_modules/node-zigar-addon": {
      "version": "0.14.2-rc.1",
      "resolved": "https://registry.npmjs.org/node-zigar-addon/-/node-zigar-addon-0.14.2-rc.1.tgz",
      "integrity": "sha512-NrR8bV4RGSNg/3DLdFYbHEvExE2z9KLyATd1iC+Hq2kiEFMkx8GP/P1xISiU9ZWJSPGQNl0AU9vGgAjOXgGCtQ==",
      "license": "MIT",
      "dependencies": {
        "node-api-headers": "^1.6.0"
      }
    },
    "node_modules/zigar-compiler": {
      "version": "0.14.2-rc.1",
      "resolved": "https://registry.npmjs.org/zigar-compiler/-/zigar-compiler-0.14.2-rc.1.tgz",
      "integrity": "sha512-FQwMlF2kFzRO0MgyCY2KXkDye9oQNp3b/eZdvFy8AWx/Dzk1m8F8pb2hP6iS4kcuftkGGwE6IDPwr9UcVxIrWQ==",
      "license": "MIT"
    }
  }
}
