{
  "name": "sha1",
  "version": "1.0.0",
  "lockfileVersion": 3,
  "requires": true,
  "packages": {
    "": {
      "name": "sha1",
      "version": "1.0.0",
      "license": "ISC",
      "dependencies": {
        "node-zigar": "^0.11.1-alpha.8"
      }
    },
    "node_modules/node-api-headers": {
      "version": "1.1.0",
      "resolved": "https://registry.npmjs.org/node-api-headers/-/node-api-headers-1.1.0.tgz",
      "integrity": "sha512-ucQW+SbYCUPfprvmzBsnjT034IGRB2XK8rRc78BgjNKhTdFKgAwAmgW704bKIBmcYW48it0Gkjpkd39Azrwquw=="
    },
    "node_modules/node-zigar": {
      "version": "0.11.1-alpha.8",
      "resolved": "https://registry.npmjs.org/node-zigar/-/node-zigar-0.11.1-alpha.8.tgz",
      "integrity": "sha512-YhLFL6af4qwMLs8Jnk0k0cyDJRy3cz9vo8Twci5/JdF+Bl3AvSSdNH9kgZEkFAjHHfFmrdrey0QN2S5K0djMOg==",
      "dependencies": {
        "node-zigar-addon": "^0.11.1-alpha.5",
        "zigar-compiler": "^0.11.1-alpha.9"
      },
      "bin": {
        "node-zigar": "bin/cli.js"
      }
    },
    "node_modules/node-zigar-addon": {
      "version": "0.11.1-alpha.5",
      "resolved": "https://registry.npmjs.org/node-zigar-addon/-/node-zigar-addon-0.11.1-alpha.5.tgz",
      "integrity": "sha512-xcHvDHMysKeGdyMFAKqNG9Fr4KCl4Fpl35hzJbphU8k3esg9Zfjw0WuC95sNiCIyyvGI89e0yYTJ25rcnj1Xdg==",
      "dependencies": {
        "node-api-headers": "^1.1.0"
      }
    },
    "node_modules/zigar-compiler": {
      "version": "0.11.1-alpha.9",
      "resolved": "https://registry.npmjs.org/zigar-compiler/-/zigar-compiler-0.11.1-alpha.9.tgz",
      "integrity": "sha512-4rE8618WvVHqJ7wm4bu3ru317BEQLZDItmKrYfyJIM1v3K35lo1USUQU+e6LoTkSToVYybO6US/Hks9x/f2YMQ=="
    }
  }
}
