{
  "name": "sha1",
  "version": "1.0.0",
  "lockfileVersion": 3,
  "requires": true,
  "packages": {
    "": {
      "name": "sha1",
      "version": "1.0.0",
      "license": "ISC",
      "dependencies": {
        "node-zigar": "^0.13.3-alpha.5"
      }
    },
    "node_modules/node-api-headers": {
      "version": "1.4.0",
      "resolved": "https://registry.npmjs.org/node-api-headers/-/node-api-headers-1.4.0.tgz",
      "integrity": "sha512-u83U3WnRbBpWlhc0sQbpF3slHRLV/a6/OXByc+QzHcLxiDiJUWLuKGZp4/ntZUchnXGOCnCq++JUEtwb1/tyow=="
    },
    "node_modules/node-zigar": {
      "version": "0.13.3-alpha.5",
      "resolved": "https://registry.npmjs.org/node-zigar/-/node-zigar-0.13.3-alpha.5.tgz",
      "integrity": "sha512-PHEt12Il9vk6HSVs8jz6WxikShXgNLK682rywDBJbiNrp5V0o6R0Si3AdPsi81ePSvOBu7pueUIheaPIXuNySQ==",
      "dependencies": {
        "node-zigar-addon": "^0.13.3-alpha.5",
        "zigar-compiler": "^0.13.3-alpha.5"
      },
      "bin": {
        "node-zigar": "bin/cli.js"
      }
    },
    "node_modules/node-zigar-addon": {
      "version": "0.13.3-alpha.5",
      "resolved": "https://registry.npmjs.org/node-zigar-addon/-/node-zigar-addon-0.13.3-alpha.5.tgz",
      "integrity": "sha512-RFcxHrvTsBdLlR8jYWVcJa4xykOt9f1WJfhPN10QzhLY9mUfDh7546NIEbrMLygs1CauhRlRn5tIvco87iRBTQ==",
      "dependencies": {
        "node-api-headers": "^1.4.0"
      }
    },
    "node_modules/zigar-compiler": {
      "version": "0.13.3-alpha.5",
      "resolved": "https://registry.npmjs.org/zigar-compiler/-/zigar-compiler-0.13.3-alpha.5.tgz",
      "integrity": "sha512-E0tsxLJbnN7qnMk6olgV5iFQwriW+5N7axzidlLjTxovl+PNBIEHvGzFvr+gqNfmpDWYcmFHM/fbKlYakF0NwA=="
    }
  }
}
