{
  "name": "snprintf",
  "version": "1.0.0",
  "lockfileVersion": 3,
  "requires": true,
  "packages": {
    "": {
      "name": "snprintf",
      "version": "1.0.0",
      "license": "ISC",
      "dependencies": {
        "node-zigar": "^0.16.0"
      }
    },
    "node_modules/node-api-headers": {
      "version": "1.9.0",
      "resolved": "https://registry.npmjs.org/node-api-headers/-/node-api-headers-1.9.0.tgz",
      "integrity": "sha512-2oNILP4jXwRB4ywnYKjVk1YyJ96n2D4EOVJO6S3oYZ5PtbJrw3Yt9TpAuX3nBLMuzn74rnfGQrv13pS9vC+YiA==",
      "license": "MIT"
    },
    "node_modules/node-zigar": {
      "version": "0.16.0",
      "resolved": "https://registry.npmjs.org/node-zigar/-/node-zigar-0.16.0.tgz",
      "integrity": "sha512-9gmZgBj6iknX2gJwUbriwgdrkws1faNLh5dzGorBIkMAUMHJrxa8Ouc1kgO/eSi3uoH6AT1gtnJY/UH5R9GGvw==",
      "license": "MIT",
      "dependencies": {
        "node-zigar-addon": "0.16.0",
        "zigar-compiler": "0.16.0"
      },
      "bin": {
        "node-zigar": "bin/cli.js",
        "zigar": "bin/cli.js"
      }
    },
    "node_modules/node-zigar-addon": {
      "version": "0.16.0",
      "resolved": "https://registry.npmjs.org/node-zigar-addon/-/node-zigar-addon-0.16.0.tgz",
      "integrity": "sha512-/fBmoRqpp1pHaOgTPyz3++APYxc6hb/WeoLULYe30HEt8sReoosMkXpYmyqW1ajlVAUsewWz8GmyfQPVXr0Naw==",
      "license": "MIT",
      "dependencies": {
        "node-api-headers": "^1.9.0"
      }
    },
    "node_modules/zigar-compiler": {
      "version": "0.16.0",
      "resolved": "https://registry.npmjs.org/zigar-compiler/-/zigar-compiler-0.16.0.tgz",
      "integrity": "sha512-dFaoqu92SgzoKhT3ddDRbOlRz6gA1VUHNldqFxGo6IjxBuRvYqIB4C66hTzY38CU/WZT5pRXf0sz3o5DteJTVQ==",
      "license": "MIT"
    }
  }
}
