{
  "name": "sha1",
  "version": "1.0.0",
  "lockfileVersion": 3,
  "requires": true,
  "packages": {
    "": {
      "name": "sha1",
      "version": "1.0.0",
      "license": "ISC",
      "dependencies": {
        "node-zigar": "^0.14.0-beta.3"
      }
    },
    "node_modules/node-api-headers": {
      "version": "1.5.0",
      "resolved": "https://registry.npmjs.org/node-api-headers/-/node-api-headers-1.5.0.tgz",
      "integrity": "sha512-Yi/FgnN8IU/Cd6KeLxyHkylBUvDTsSScT0Tna2zTrz8klmc8qF2ppj6Q1LHsmOueJWhigQwR4cO2p0XBGW5IaQ=="
    },
    "node_modules/node-zigar": {
      "version": "0.14.0-beta.3",
      "resolved": "https://registry.npmjs.org/node-zigar/-/node-zigar-0.14.0-beta.3.tgz",
      "integrity": "sha512-0eigPoIzhmncQXuh0I+LlZoesNugwNZ+7x8K6k4jlq5Hb8/NDelhpFE0c01r9GLFo5JsjtFFzVL9TR3EEjlrcQ==",
      "dependencies": {
        "node-zigar-addon": "^0.14.0-beta.3",
        "zigar-compiler": "^0.14.0-beta.3"
      },
      "bin": {
        "node-zigar": "bin/cli.js"
      }
    },
    "node_modules/node-zigar-addon": {
      "version": "0.14.0-beta.3",
      "resolved": "https://registry.npmjs.org/node-zigar-addon/-/node-zigar-addon-0.14.0-beta.3.tgz",
      "integrity": "sha512-j6Pg6c3r0mk1YD6pup1BM2kUuOPdh1OnMAgCZpHZMp5CKlcRgRQf3kXvcH9rT7B0SBgj1Bg6QhNZ3J/sEYQMvA==",
      "dependencies": {
        "node-api-headers": "^1.5.0"
      }
    },
    "node_modules/zigar-compiler": {
      "version": "0.14.0-beta.3",
      "resolved": "https://registry.npmjs.org/zigar-compiler/-/zigar-compiler-0.14.0-beta.3.tgz",
      "integrity": "sha512-gwxl/hB06KLYJwyLYO4Sl5h7fj4vIpatfggecJzKtbMSn1Thw9M2JGSy0wX9t97aXhZh1hpyXW8QEncFDdqDJw=="
    }
  }
}
