{
  "name": "sha1",
  "version": "1.0.0",
  "lockfileVersion": 3,
  "requires": true,
  "packages": {
    "": {
      "name": "sha1",
      "version": "1.0.0",
      "license": "ISC",
      "dependencies": {
        "node-zigar": "0.17.0"
      }
    },
    "node_modules/node-api-headers": {
      "version": "1.9.0",
      "resolved": "https://registry.npmjs.org/node-api-headers/-/node-api-headers-1.9.0.tgz",
      "integrity": "sha512-2oNILP4jXwRB4ywnYKjVk1YyJ96n2D4EOVJO6S3oYZ5PtbJrw3Yt9TpAuX3nBLMuzn74rnfGQrv13pS9vC+YiA==",
      "license": "MIT"
    },
    "node_modules/node-zigar": {
      "version": "0.17.0",
      "resolved": "https://registry.npmjs.org/node-zigar/-/node-zigar-0.17.0.tgz",
      "integrity": "sha512-QOKhnQHVkvF6zGME0E/5oHDUmjpxckhWgfIffq8b9BZfp7GGbXBoAz2ol665ZvcYLk2jhz9cJe4v8kycZZE+6A==",
      "license": "MIT",
      "dependencies": {
        "node-zigar-addon": "0.17.0",
        "zigar-compiler": "0.17.0"
      },
      "bin": {
        "node-zigar": "bin/cli.js",
        "zigar": "bin/cli.js"
      }
    },
    "node_modules/node-zigar-addon": {
      "version": "0.17.0",
      "resolved": "https://registry.npmjs.org/node-zigar-addon/-/node-zigar-addon-0.17.0.tgz",
      "integrity": "sha512-0VUDIoRiTXqz9zvpFu8EtGjCXfhThrZPqTr9ObaPCHqMF2m2ubFvc9S9z4iNJuSxrO5+956AD/TLpIKmzGI1AQ==",
      "license": "MIT",
      "dependencies": {
        "node-api-headers": "^1.9.0"
      }
    },
    "node_modules/zigar-compiler": {
      "version": "0.17.0",
      "resolved": "https://registry.npmjs.org/zigar-compiler/-/zigar-compiler-0.17.0.tgz",
      "integrity": "sha512-ww82tFVUNnsP2+67Qd4EeFx3K7qBdudWakbiQkSENfE5iytBaflUB1MKpzGdSm1CxZdkmrJioEPtWzk57c23dg==",
      "license": "MIT"
    }
  }
}
